
Microsoft Visual Studio Solution File, Format Version 12.00
# Visual Studio Version 17
VisualStudioVersion = 17.0.32126.317
MinimumVisualStudioVersion = 10.0.40219.1
Project("{FAE04EC0-301F-11D3-BF4B-00C04F79EFBC}") = "Bank", "Bank\Bank.csproj", "{DC2CDBC7-191E-4BB5-8B49-210AB14C2BDC}"
EndProject
Global
	GlobalSection(SolutionConfigurationPlatforms) = preSolution
		Debug|Any CPU = Debug|Any CPU
		Release|Any CPU = Release|Any CPU
	EndGlobalSection
	GlobalSection(ProjectConfigurationPlatforms) = postSolution
		{DC2CDBC7-191E-4BB5-8B49-210AB14C2BDC}.Debug|Any CPU.ActiveCfg = Debug|Any CPU
		{DC2CDBC7-191E-4BB5-8B49-210AB14C2BDC}.Debug|Any CPU.Build.0 = Debug|Any CPU
		{DC2CDBC7-191E-4BB5-8B49-210AB14C2BDC}.Release|Any CPU.ActiveCfg = Release|Any CPU
		{DC2CDBC7-191E-4BB5-8B49-210AB14C2BDC}.Release|Any CPU.Build.0 = Release|Any CPU
	EndGlobalSection
	GlobalSection(SolutionProperties) = preSolution
		HideSolutionNode = FALSE
	EndGlobalSection
	GlobalSection(ExtensibilityGlobals) = postSolution
		SolutionGuid = {017051AB-6C29-4F88-87A9-797A92CA4687}
	EndGlobalSection
EndGlobal
